
Microsoft Visual Studio Solution File, Format Version 12.00
# Visual Studio Version 16
VisualStudioVersion = 16.0.29306.81
MinimumVisualStudioVersion = 10.0.40219.1
Project("{FAE04EC0-301F-11D3-BF4B-00C04F79EFBC}") = "SignalRClientWPF", "SignalRClientWPF\SignalRClientWPF.csproj", "{F832725E-A4F4-4C61-BE86-F80A94451C93}"
EndProject
Project("{FAE04EC0-301F-11D3-BF4B-00C04F79EFBC}") = "QNZ.WebUI", "QNZ.WebUI\QNZ.WebUI.csproj", "{56E70938-D8D7-4545-853B-BC7742268253}"
EndProject
Global
	GlobalSection(SolutionConfigurationPlatforms) = preSolution
		Debug|Any CPU = Debug|Any CPU
		Release|Any CPU = Release|Any CPU
	EndGlobalSection
	GlobalSection(ProjectConfigurationPlatforms) = postSolution
		{F832725E-A4F4-4C61-BE86-F80A94451C93}.Debug|Any CPU.ActiveCfg = Debug|Any CPU
		{F832725E-A4F4-4C61-BE86-F80A94451C93}.Debug|Any CPU.Build.0 = Debug|Any CPU
		{F832725E-A4F4-4C61-BE86-F80A94451C93}.Release|Any CPU.ActiveCfg = Release|Any CPU
		{F832725E-A4F4-4C61-BE86-F80A94451C93}.Release|Any CPU.Build.0 = Release|Any CPU
		{56E70938-D8D7-4545-853B-BC7742268253}.Debug|Any CPU.ActiveCfg = Debug|Any CPU
		{56E70938-D8D7-4545-853B-BC7742268253}.Debug|Any CPU.Build.0 = Debug|Any CPU
		{56E70938-D8D7-4545-853B-BC7742268253}.Release|Any CPU.ActiveCfg = Release|Any CPU
		{56E70938-D8D7-4545-853B-BC7742268253}.Release|Any CPU.Build.0 = Release|Any CPU
	EndGlobalSection
	GlobalSection(SolutionProperties) = preSolution
		HideSolutionNode = FALSE
	EndGlobalSection
	GlobalSection(ExtensibilityGlobals) = postSolution
		SolutionGuid = {85C3A8DF-B583-4E29-8EEA-5171DA7B5021}
	EndGlobalSection
EndGlobal
